
Microsoft Visual Studio Solution File, Format Version 12.00
# Visual Studio 2013
VisualStudioVersion = 12.0.31101.0
MinimumVisualStudioVersion = 10.0.40219.1
Project("{8BC9CEB8-8B4A-11D0-8D11-00A0C91BC942}") = "main", "x86asm.vcxproj", "{F61BFC54-A142-4461-AF6E-6DAA7AD798A1}"
EndProject
Project("{8BC9CEB8-8B4A-11D0-8D11-00A0C91BC942}") = "asmlib", "asmlib\asmlib.vcxproj", "{21CBCAF3-F683-4A89-8CF5-8ACF5A950F85}"
EndProject
Global
	GlobalSection(SolutionConfigurationPlatforms) = preSolution
		Debug|Win32 = Debug|Win32
		Release|Win32 = Release|Win32
	EndGlobalSection
	GlobalSection(ProjectConfigurationPlatforms) = postSolution
		{F61BFC54-A142-4461-AF6E-6DAA7AD798A1}.Debug|Win32.ActiveCfg = Debug|Win32
		{F61BFC54-A142-4461-AF6E-6DAA7AD798A1}.Debug|Win32.Build.0 = Debug|Win32
		{F61BFC54-A142-4461-AF6E-6DAA7AD798A1}.Release|Win32.ActiveCfg = Release|Win32
		{F61BFC54-A142-4461-AF6E-6DAA7AD798A1}.Release|Win32.Build.0 = Release|Win32
		{21CBCAF3-F683-4A89-8CF5-8ACF5A950F85}.Debug|Win32.ActiveCfg = Debug|Win32
		{21CBCAF3-F683-4A89-8CF5-8ACF5A950F85}.Debug|Win32.Build.0 = Debug|Win32
		{21CBCAF3-F683-4A89-8CF5-8ACF5A950F85}.Release|Win32.ActiveCfg = Release|Win32
		{21CBCAF3-F683-4A89-8CF5-8ACF5A950F85}.Release|Win32.Build.0 = Release|Win32
	EndGlobalSection
	GlobalSection(SolutionProperties) = preSolution
		HideSolutionNode = FALSE
	EndGlobalSection
EndGlobal
